// !$*UTF8*$!
{
	archiveVersion = 1;
	classes = {
	};
	objectVersion = 56;
	objects = {

/* Begin PBXBuildFile section */
		2595882D5ECCD0A4A08B9396 /* Pods_LoanOrigination.framework in Frameworks */ = {isa = PBXBuildFile; fileRef = 77A06B6CF846D1685BF63B51 /* Pods_LoanOrigination.framework */; };
		9801FF492BEFA74000198FC1 /* LoanOriginationApp.swift in Sources */ = {isa = PBXBuildFile; fileRef = 9801FF482BEFA74000198FC1 /* LoanOriginationApp.swift */; };
		9801FF4B2BEFA74000198FC1 /* ContentView.swift in Sources */ = {isa = PBXBuildFile; fileRef = 9801FF4A2BEFA74000198FC1 /* ContentView.swift */; };
		9801FF4D2BEFA74200198FC1 /* Assets.xcassets in Resources */ = {isa = PBXBuildFile; fileRef = 9801FF4C2BEFA74200198FC1 /* Assets.xcassets */; };
		9801FF502BEFA74200198FC1 /* Preview Assets.xcassets in Resources */ = {isa = PBXBuildFile; fileRef = 9801FF4F2BEFA74200198FC1 /* Preview Assets.xcassets */; };
		9801FF572BEFA77A00198FC1 /* LoanView.swift in Sources */ = {isa = PBXBuildFile; fileRef = 9801FF562BEFA77A00198FC1 /* LoanView.swift */; };
		9801FF592BEFA88A00198FC1 /* GoogleService-Info.plist in Resources */ = {isa = PBXBuildFile; fileRef = 9801FF582BEFA88A00198FC1 /* GoogleService-Info.plist */; };
		9801FF5C2BEFA99E00198FC1 /* FirebaseAnalytics in Frameworks */ = {isa = PBXBuildFile; productRef = 9801FF5B2BEFA99E00198FC1 /* FirebaseAnalytics */; };
		9801FF5E2BEFA99E00198FC1 /* FirebaseAnalyticsOnDeviceConversion in Frameworks */ = {isa = PBXBuildFile; productRef = 9801FF5D2BEFA99E00198FC1 /* FirebaseAnalyticsOnDeviceConversion */; };
		9801FF602BEFA99E00198FC1 /* FirebaseAnalyticsSwift in Frameworks */ = {isa = PBXBuildFile; productRef = 9801FF5F2BEFA99E00198FC1 /* FirebaseAnalyticsSwift */; };
		9801FF622BEFA99E00198FC1 /* FirebaseAnalyticsWithoutAdIdSupport in Frameworks */ = {isa = PBXBuildFile; productRef = 9801FF612BEFA99E00198FC1 /* FirebaseAnalyticsWithoutAdIdSupport */; };
		9801FF642BEFA99E00198FC1 /* FirebaseAppCheck in Frameworks */ = {isa = PBXBuildFile; productRef = 9801FF632BEFA99E00198FC1 /* FirebaseAppCheck */; };
/* End PBXBuildFile section */

/* Begin PBXFileReference section */
		70216B73BD54E34BD4D4B5A9 /* Pods-LoanOrigination.release.xcconfig */ = {isa = PBXFileReference; includeInIndex = 1; lastKnownFileType = text.xcconfig; name = "Pods-LoanOrigination.release.xcconfig"; path = "Target Support Files/Pods-LoanOrigination/Pods-LoanOrigination.release.xcconfig"; sourceTree = "<group>"; };
		77A06B6CF846D1685BF63B51 /* Pods_LoanOrigination.framework */ = {isa = PBXFileReference; explicitFileType = wrapper.framework; includeInIndex = 0; path = Pods_LoanOrigination.framework; sourceTree = BUILT_PRODUCTS_DIR; };
		9801FF452BEFA74000198FC1 /* LoanOrigination.app */ = {isa = PBXFileReference; explicitFileType = wrapper.application; includeInIndex = 0; path = LoanOrigination.app; sourceTree = BUILT_PRODUCTS_DIR; };
		9801FF482BEFA74000198FC1 /* LoanOriginationApp.swift */ = {isa = PBXFileReference; lastKnownFileType = sourcecode.swift; path = LoanOriginationApp.swift; sourceTree = "<group>"; };
		9801FF4A2BEFA74000198FC1 /* ContentView.swift */ = {isa = PBXFileReference; lastKnownFileType = sourcecode.swift; path = ContentView.swift; sourceTree = "<group>"; };
		9801FF4C2BEFA74200198FC1 /* Assets.xcassets */ = {isa = PBXFileReference; lastKnownFileType = folder.assetcatalog; path = Assets.xcassets; sourceTree = "<group>"; };
		9801FF4F2BEFA74200198FC1 /* Preview Assets.xcassets */ = {isa = PBXFileReference; lastKnownFileType = folder.assetcatalog; path = "Preview Assets.xcassets"; sourceTree = "<group>"; };
		9801FF562BEFA77A00198FC1 /* LoanView.swift */ = {isa = PBXFileReference; lastKnownFileType = sourcecode.swift; path = LoanView.swift; sourceTree = "<group>"; };
		9801FF582BEFA88A00198FC1 /* GoogleService-Info.plist */ = {isa = PBXFileReference; fileEncoding = 4; lastKnownFileType = text.plist.xml; name = "GoogleService-Info.plist"; path = "../../../../../../../Downloads/GoogleService-Info.plist"; sourceTree = "<group>"; };
		B88C9AE0A6A28C5CC073B2C1 /* Pods-LoanOrigination.debug.xcconfig */ = {isa = PBXFileReference; includeInIndex = 1; lastKnownFileType = text.xcconfig; name = "Pods-LoanOrigination.debug.xcconfig"; path = "Target Support Files/Pods-LoanOrigination/Pods-LoanOrigination.debug.xcconfig"; sourceTree = "<group>"; };
/* End PBXFileReference section */

/* Begin PBXFrameworksBuildPhase section */
		9801FF422BEFA74000198FC1 /* Frameworks */ = {
			isa = PBXFrameworksBuildPhase;
			buildActionMask = 2147483647;
			files = (
				9801FF602BEFA99E00198FC1 /* FirebaseAnalyticsSwift in Frameworks */,
				9801FF5C2BEFA99E00198FC1 /* FirebaseAnalytics in Frameworks */,
				9801FF5E2BEFA99E00198FC1 /* FirebaseAnalyticsOnDeviceConversion in Frameworks */,
				9801FF642BEFA99E00198FC1 /* FirebaseAppCheck in Frameworks */,
				9801FF622BEFA99E00198FC1 /* FirebaseAnalyticsWithoutAdIdSupport in Frameworks */,
				2595882D5ECCD0A4A08B9396 /* Pods_LoanOrigination.framework in Frameworks */,
			);
			runOnlyForDeploymentPostprocessing = 0;
		};
/* End PBXFrameworksBuildPhase section */

/* Begin PBXGroup section */
		3DB4909BA2CEBE4C2A939E72 /* Frameworks */ = {
			isa = PBXGroup;
			children = (
				77A06B6CF846D1685BF63B51 /* Pods_LoanOrigination.framework */,
			);
			name = Frameworks;
			sourceTree = "<group>";
		};
		9801FF3C2BEFA74000198FC1 = {
			isa = PBXGroup;
			children = (
				9801FF472BEFA74000198FC1 /* LoanOrigination */,
				9801FF462BEFA74000198FC1 /* Products */,
				DE08540D04D4203F180009AE /* Pods */,
				3DB4909BA2CEBE4C2A939E72 /* Frameworks */,
			);
			sourceTree = "<group>";
		};
		9801FF462BEFA74000198FC1 /* Products */ = {
			isa = PBXGroup;
			children = (
				9801FF452BEFA74000198FC1 /* LoanOrigination.app */,
			);
			name = Products;
			sourceTree = "<group>";
		};
		9801FF472BEFA74000198FC1 /* LoanOrigination */ = {
			isa = PBXGroup;
			children = (
				9801FF482BEFA74000198FC1 /* LoanOriginationApp.swift */,
				9801FF582BEFA88A00198FC1 /* GoogleService-Info.plist */,
				9801FF4A2BEFA74000198FC1 /* ContentView.swift */,
				9801FF4C2BEFA74200198FC1 /* Assets.xcassets */,
				9801FF4E2BEFA74200198FC1 /* Preview Content */,
				9801FF562BEFA77A00198FC1 /* LoanView.swift */,
			);
			path = LoanOrigination;
			sourceTree = "<group>";
		};
		9801FF4E2BEFA74200198FC1 /* Preview Content */ = {
			isa = PBXGroup;
			children = (
				9801FF4F2BEFA74200198FC1 /* Preview Assets.xcassets */,
			);
			path = "Preview Content";
			sourceTree = "<group>";
		};
		DE08540D04D4203F180009AE /* Pods */ = {
			isa = PBXGroup;
			children = (
				B88C9AE0A6A28C5CC073B2C1 /* Pods-LoanOrigination.debug.xcconfig */,
				70216B73BD54E34BD4D4B5A9 /* Pods-LoanOrigination.release.xcconfig */,
			);
			name = Pods;
			path = Pods;
			sourceTree = "<group>";
		};
/* End PBXGroup section */

/* Begin PBXNativeTarget section */
		9801FF442BEFA74000198FC1 /* LoanOrigination */ = {
			isa = PBXNativeTarget;
			buildConfigurationList = 9801FF532BEFA74200198FC1 /* Build configuration list for PBXNativeTarget "LoanOrigination" */;
			buildPhases = (
				7E2733A04384F6AD246823EC /* [CP] Check Pods Manifest.lock */,
				9801FF412BEFA74000198FC1 /* Sources */,
				9801FF422BEFA74000198FC1 /* Frameworks */,
				9801FF432BEFA74000198FC1 /* Resources */,
				7F060305C1D5C9548A4E4588 /* [CP] Embed Pods Frameworks */,
			);
			buildRules = (
			);
			dependencies = (
			);
			name = LoanOrigination;
			packageProductDependencies = (
				9801FF5B2BEFA99E00198FC1 /* FirebaseAnalytics */,
				9801FF5D2BEFA99E00198FC1 /* FirebaseAnalyticsOnDeviceConversion */,
				9801FF5F2BEFA99E00198FC1 /* FirebaseAnalyticsSwift */,
				9801FF612BEFA99E00198FC1 /* FirebaseAnalyticsWithoutAdIdSupport */,
				9801FF632BEFA99E00198FC1 /* FirebaseAppCheck */,
			);
			productName = LoanOrigination;
			productReference = 9801FF452BEFA74000198FC1 /* LoanOrigination.app */;
			productType = "com.apple.product-type.application";
		};
/* End PBXNativeTarget section */

/* Begin PBXProject section */
		9801FF3D2BEFA74000198FC1 /* Project object */ = {
			isa = PBXProject;
			attributes = {
				BuildIndependentTargetsInParallel = 1;
				LastSwiftUpdateCheck = 1530;
				LastUpgradeCheck = 1530;
				TargetAttributes = {
					9801FF442BEFA74000198FC1 = {
						CreatedOnToolsVersion = 15.3;
					};
				};
			};
			buildConfigurationList = 9801FF402BEFA74000198FC1 /* Build configuration list for PBXProject "LoanOrigination" */;
			compatibilityVersion = "Xcode 14.0";
			developmentRegion = en;
			hasScannedForEncodings = 0;
			knownRegions = (
				en,
				Base,
			);
			mainGroup = 9801FF3C2BEFA74000198FC1;
			packageReferences = (
				9801FF5A2BEFA99E00198FC1 /* XCRemoteSwiftPackageReference "firebase-ios-sdk" */,
			);
			productRefGroup = 9801FF462BEFA74000198FC1 /* Products */;
			projectDirPath = "";
			projectRoot = "";
			targets = (
				9801FF442BEFA74000198FC1 /* LoanOrigination */,
			);
		};
/* End PBXProject section */

/* Begin PBXResourcesBuildPhase section */
		9801FF432BEFA74000198FC1 /* Resources */ = {
			isa = PBXResourcesBuildPhase;
			buildActionMask = 2147483647;
			files = (
				9801FF502BEFA74200198FC1 /* Preview Assets.xcassets in Resources */,
				9801FF4D2BEFA74200198FC1 /* Assets.xcassets in Resources */,
				9801FF592BEFA88A00198FC1 /* GoogleService-Info.plist in Resources */,
			);
			runOnlyForDeploymentPostprocessing = 0;
		};
/* End PBXResourcesBuildPhase section */

/* Begin PBXShellScriptBuildPhase section */
		7E2733A04384F6AD246823EC /* [CP] Check Pods Manifest.lock */ = {
			isa = PBXShellScriptBuildPhase;
			buildActionMask = 2147483647;
			files = (
			);
			inputFileListPaths = (
			);
			inputPaths = (
				"${PODS_PODFILE_DIR_PATH}/Podfile.lock",
				"${PODS_ROOT}/Manifest.lock",
			);
			name = "[CP] Check Pods Manifest.lock";
			outputFileListPaths = (
			);
			outputPaths = (
				"$(DERIVED_FILE_DIR)/Pods-LoanOrigination-checkManifestLockResult.txt",
			);
			runOnlyForDeploymentPostprocessing = 0;
			shellPath = /bin/sh;
			shellScript = "diff \"${PODS_PODFILE_DIR_PATH}/Podfile.lock\" \"${PODS_ROOT}/Manifest.lock\" > /dev/null\nif [ $? != 0 ] ; then\n    # print error to STDERR\n    echo \"error: The sandbox is not in sync with the Podfile.lock. Run 'pod install' or update your CocoaPods installation.\" >&2\n    exit 1\nfi\n# This output is used by Xcode 'outputs' to avoid re-running this script phase.\necho \"SUCCESS\" > \"${SCRIPT_OUTPUT_FILE_0}\"\n";
			showEnvVarsInLog = 0;
		};
		7F060305C1D5C9548A4E4588 /* [CP] Embed Pods Frameworks */ = {
			isa = PBXShellScriptBuildPhase;
			buildActionMask = 2147483647;
			files = (
			);
			inputFileListPaths = (
				"${PODS_ROOT}/Target Support Files/Pods-LoanOrigination/Pods-LoanOrigination-frameworks-${CONFIGURATION}-input-files.xcfilelist",
			);
			name = "[CP] Embed Pods Frameworks";
			outputFileListPaths = (
				"${PODS_ROOT}/Target Support Files/Pods-LoanOrigination/Pods-LoanOrigination-frameworks-${CONFIGURATION}-output-files.xcfilelist",
			);
			runOnlyForDeploymentPostprocessing = 0;
			shellPath = /bin/sh;
			shellScript = "\"${PODS_ROOT}/Target Support Files/Pods-LoanOrigination/Pods-LoanOrigination-frameworks.sh\"\n";
			showEnvVarsInLog = 0;
		};
/* End PBXShellScriptBuildPhase section */

/* Begin PBXSourcesBuildPhase section */
		9801FF412BEFA74000198FC1 /* Sources */ = {
			isa = PBXSourcesBuildPhase;
			buildActionMask = 2147483647;
			files = (
				9801FF4B2BEFA74000198FC1 /* ContentView.swift in Sources */,
				9801FF492BEFA74000198FC1 /* LoanOriginationApp.swift in Sources */,
				9801FF572BEFA77A00198FC1 /* LoanView.swift in Sources */,
			);
			runOnlyForDeploymentPostprocessing = 0;
		};
/* End PBXSourcesBuildPhase section */

/* Begin XCBuildConfiguration section */
		9801FF512BEFA74200198FC1 /* Debug */ = {
			isa = XCBuildConfiguration;
			buildSettings = {
				ALWAYS_SEARCH_USER_PATHS = NO;
				ASSETCATALOG_COMPILER_GENERATE_SWIFT_ASSET_SYMBOL_EXTENSIONS = YES;
				CLANG_ANALYZER_NONNULL = YES;
				CLANG_ANALYZER_NUMBER_OBJECT_CONVERSION = YES_AGGRESSIVE;
				CLANG_CXX_LANGUAGE_STANDARD = "gnu++20";
				CLANG_ENABLE_MODULES = YES;
				CLANG_ENABLE_OBJC_ARC = YES;
				CLANG_ENABLE_OBJC_WEAK = YES;
				CLANG_WARN_BLOCK_CAPTURE_AUTORELEASING = YES;
				CLANG_WARN_BOOL_CONVERSION = YES;
				CLANG_WARN_COMMA = YES;
				CLANG_WARN_CONSTANT_CONVERSION = YES;
				CLANG_WARN_DEPRECATED_OBJC_IMPLEMENTATIONS = YES;
				CLANG_WARN_DIRECT_OBJC_ISA_USAGE = YES_ERROR;
				CLANG_WARN_DOCUMENTATION_COMMENTS = YES;
				CLANG_WARN_EMPTY_BODY = YES;
				CLANG_WARN_ENUM_CONVERSION = YES;
				CLANG_WARN_INFINITE_RECURSION = YES;
				CLANG_WARN_INT_CONVERSION = YES;
				CLANG_WARN_NON_LITERAL_NULL_CONVERSION = YES;
				CLANG_WARN_OBJC_IMPLICIT_RETAIN_SELF = YES;
				CLANG_WARN_OBJC_LITERAL_CONVERSION = YES;
				CLANG_WARN_OBJC_ROOT_CLASS = YES_ERROR;
				CLANG_WARN_QUOTED_INCLUDE_IN_FRAMEWORK_HEADER = YES;
				CLANG_WARN_RANGE_LOOP_ANALYSIS = YES;
				CLANG_WARN_STRICT_PROTOTYPES = YES;
				CLANG_WARN_SUSPICIOUS_MOVE = YES;
				CLANG_WARN_UNGUARDED_AVAILABILITY = YES_AGGRESSIVE;
				CLANG_WARN_UNREACHABLE_CODE = YES;
				CLANG_WARN__DUPLICATE_METHOD_MATCH = YES;
				COPY_PHASE_STRIP = NO;
				DEBUG_INFORMATION_FORMAT = dwarf;
				ENABLE_STRICT_OBJC_MSGSEND = YES;
				ENABLE_TESTABILITY = YES;
				ENABLE_USER_SCRIPT_SANDBOXING = YES;
				GCC_C_LANGUAGE_STANDARD = gnu17;
				GCC_DYNAMIC_NO_PIC = NO;
				GCC_NO_COMMON_BLOCKS = YES;
				GCC_OPTIMIZATION_LEVEL = 0;
				GCC_PREPROCESSOR_DEFINITIONS = (
					"DEBUG=1",
					"$(inherited)",
				);
				GCC_WARN_64_TO_32_BIT_CONVERSION = YES;
				GCC_WARN_ABOUT_RETURN_TYPE = YES_ERROR;
				GCC_WARN_UNDECLARED_SELECTOR = YES;
				GCC_WARN_UNINITIALIZED_AUTOS = YES_AGGRESSIVE;
				GCC_WARN_UNUSED_FUNCTION = YES;
				GCC_WARN_UNUSED_VARIABLE = YES;
				IPHONEOS_DEPLOYMENT_TARGET = 17.4;
				LOCALIZATION_PREFERS_STRING_CATALOGS = YES;
				MTL_ENABLE_DEBUG_INFO = INCLUDE_SOURCE;
				MTL_FAST_MATH = YES;
				ONLY_ACTIVE_ARCH = YES;
				SDKROOT = iphoneos;
				SWIFT_ACTIVE_COMPILATION_CONDITIONS = "DEBUG $(inherited)";
				SWIFT_OPTIMIZATION_LEVEL = "-Onone";
			};
			name = Debug;
		};
		9801FF522BEFA74200198FC1 /* Release */ = {
			isa = XCBuildConfiguration;
			buildSettings = {
				ALWAYS_SEARCH_USER_PATHS = NO;
				ASSETCATALOG_COMPILER_GENERATE_SWIFT_ASSET_SYMBOL_EXTENSIONS = YES;
				CLANG_ANALYZER_NONNULL = YES;
				CLANG_ANALYZER_NUMBER_OBJECT_CONVERSION = YES_AGGRESSIVE;
				CLANG_CXX_LANGUAGE_STANDARD = "gnu++20";
				CLANG_ENABLE_MODULES = YES;
				CLANG_ENABLE_OBJC_ARC = YES;
				CLANG_ENABLE_OBJC_WEAK = YES;
				CLANG_WARN_BLOCK_CAPTURE_AUTORELEASING = YES;
				CLANG_WARN_BOOL_CONVERSION = YES;
				CLANG_WARN_COMMA = YES;
				CLANG_WARN_CONSTANT_CONVERSION = YES;
				CLANG_WARN_DEPRECATED_OBJC_IMPLEMENTATIONS = YES;
				CLANG_WARN_DIRECT_OBJC_ISA_USAGE = YES_ERROR;
				CLANG_WARN_DOCUMENTATION_COMMENTS = YES;
				CLANG_WARN_EMPTY_BODY = YES;
				CLANG_WARN_ENUM_CONVERSION = YES;
				CLANG_WARN_INFINITE_RECURSION = YES;
				CLANG_WARN_INT_CONVERSION = YES;
				CLANG_WARN_NON_LITERAL_NULL_CONVERSION = YES;
				CLANG_WARN_OBJC_IMPLICIT_RETAIN_SELF = YES;
				CLANG_WARN_OBJC_LITERAL_CONVERSION = YES;
				CLANG_WARN_OBJC_ROOT_CLASS = YES_ERROR;
				CLANG_WARN_QUOTED_INCLUDE_IN_FRAMEWORK_HEADER = YES;
				CLANG_WARN_RANGE_LOOP_ANALYSIS = YES;
				CLANG_WARN_STRICT_PROTOTYPES = YES;
				CLANG_WARN_SUSPICIOUS_MOVE = YES;
				CLANG_WARN_UNGUARDED_AVAILABILITY = YES_AGGRESSIVE;
				CLANG_WARN_UNREACHABLE_CODE = YES;
				CLANG_WARN__DUPLICATE_METHOD_MATCH = YES;
				COPY_PHASE_STRIP = NO;
				DEBUG_INFORMATION_FORMAT = "dwarf-with-dsym";
				ENABLE_NS_ASSERTIONS = NO;
				ENABLE_STRICT_OBJC_MSGSEND = YES;
				ENABLE_USER_SCRIPT_SANDBOXING = YES;
				GCC_C_LANGUAGE_STANDARD = gnu17;
				GCC_NO_COMMON_BLOCKS = YES;
				GCC_WARN_64_TO_32_BIT_CONVERSION = YES;
				GCC_WARN_ABOUT_RETURN_TYPE = YES_ERROR;
				GCC_WARN_UNDECLARED_SELECTOR = YES;
				GCC_WARN_UNINITIALIZED_AUTOS = YES_AGGRESSIVE;
				GCC_WARN_UNUSED_FUNCTION = YES;
				GCC_WARN_UNUSED_VARIABLE = YES;
				IPHONEOS_DEPLOYMENT_TARGET = 17.4;
				LOCALIZATION_PREFERS_STRING_CATALOGS = YES;
				MTL_ENABLE_DEBUG_INFO = NO;
				MTL_FAST_MATH = YES;
				SDKROOT = iphoneos;
				SWIFT_COMPILATION_MODE = wholemodule;
				VALIDATE_PRODUCT = YES;
			};
			name = Release;
		};
		9801FF542BEFA74200198FC1 /* Debug */ = {
			isa = XCBuildConfiguration;
			baseConfigurationReference = B88C9AE0A6A28C5CC073B2C1 /* Pods-LoanOrigination.debug.xcconfig */;
			buildSettings = {
				ASSETCATALOG_COMPILER_APPICON_NAME = AppIcon;
				ASSETCATALOG_COMPILER_GLOBAL_ACCENT_COLOR_NAME = AccentColor;
				CODE_SIGN_STYLE = Automatic;
				CURRENT_PROJECT_VERSION = 1;
				DEVELOPMENT_ASSET_PATHS = "\"LoanOrigination/Preview Content\"";
				DEVELOPMENT_TEAM = 58HZS7KF6B;
				ENABLE_PREVIEWS = YES;
				GENERATE_INFOPLIST_FILE = YES;
				INFOPLIST_KEY_UIApplicationSceneManifest_Generation = YES;
				INFOPLIST_KEY_UIApplicationSupportsIndirectInputEvents = YES;
				INFOPLIST_KEY_UILaunchScreen_Generation = YES;
				INFOPLIST_KEY_UISupportedInterfaceOrientations_iPad = "UIInterfaceOrientationPortrait UIInterfaceOrientationPortraitUpsideDown UIInterfaceOrientationLandscapeLeft UIInterfaceOrientationLandscapeRight";
				INFOPLIST_KEY_UISupportedInterfaceOrientations_iPhone = "UIInterfaceOrientationPortrait UIInterfaceOrientationLandscapeLeft UIInterfaceOrientationLandscapeRight";
				LD_RUNPATH_SEARCH_PATHS = (
					"$(inherited)",
					"@executable_path/Frameworks",
				);
				MARKETING_VERSION = 1.0;
				PRODUCT_BUNDLE_IDENTIFIER = com.loanOrigination.LoanOrigination;
				PRODUCT_NAME = "$(TARGET_NAME)";
				SWIFT_EMIT_LOC_STRINGS = YES;
				SWIFT_VERSION = 5.0;
				TARGETED_DEVICE_FAMILY = "1,2";
			};
			name = Debug;
		};
		9801FF552BEFA74200198FC1 /* Release */ = {
			isa = XCBuildConfiguration;
			baseConfigurationReference = 70216B73BD54E34BD4D4B5A9 /* Pods-LoanOrigination.release.xcconfig */;
			buildSettings = {
				ASSETCATALOG_COMPILER_APPICON_NAME = AppIcon;
				ASSETCATALOG_COMPILER_GLOBAL_ACCENT_COLOR_NAME = AccentColor;
				CODE_SIGN_STYLE = Automatic;
				CURRENT_PROJECT_VERSION = 1;
				DEVELOPMENT_ASSET_PATHS = "\"LoanOrigination/Preview Content\"";
				DEVELOPMENT_TEAM = 58HZS7KF6B;
				ENABLE_PREVIEWS = YES;
				GENERATE_INFOPLIST_FILE = YES;
				INFOPLIST_KEY_UIApplicationSceneManifest_Generation = YES;
				INFOPLIST_KEY_UIApplicationSupportsIndirectInputEvents = YES;
				INFOPLIST_KEY_UILaunchScreen_Generation = YES;
				INFOPLIST_KEY_UISupportedInterfaceOrientations_iPad = "UIInterfaceOrientationPortrait UIInterfaceOrientationPortraitUpsideDown UIInterfaceOrientationLandscapeLeft UIInterfaceOrientationLandscapeRight";
				INFOPLIST_KEY_UISupportedInterfaceOrientations_iPhone = "UIInterfaceOrientationPortrait UIInterfaceOrientationLandscapeLeft UIInterfaceOrientationLandscapeRight";
				LD_RUNPATH_SEARCH_PATHS = (
					"$(inherited)",
					"@executable_path/Frameworks",
				);
				MARKETING_VERSION = 1.0;
				PRODUCT_BUNDLE_IDENTIFIER = com.loanOrigination.LoanOrigination;
				PRODUCT_NAME = "$(TARGET_NAME)";
				SWIFT_EMIT_LOC_STRINGS = YES;
				SWIFT_VERSION = 5.0;
				TARGETED_DEVICE_FAMILY = "1,2";
			};
			name = Release;
		};
/* End XCBuildConfiguration section */

/* Begin XCConfigurationList section */
		9801FF402BEFA74000198FC1 /* Build configuration list for PBXProject "LoanOrigination" */ = {
			isa = XCConfigurationList;
			buildConfigurations = (
				9801FF512BEFA74200198FC1 /* Debug */,
				9801FF522BEFA74200198FC1 /* Release */,
			);
			defaultConfigurationIsVisible = 0;
			defaultConfigurationName = Release;
		};
		9801FF532BEFA74200198FC1 /* Build configuration list for PBXNativeTarget "LoanOrigination" */ = {
			isa = XCConfigurationList;
			buildConfigurations = (
				9801FF542BEFA74200198FC1 /* Debug */,
				9801FF552BEFA74200198FC1 /* Release */,
			);
			defaultConfigurationIsVisible = 0;
			defaultConfigurationName = Release;
		};
/* End XCConfigurationList section */

/* Begin XCRemoteSwiftPackageReference section */
		9801FF5A2BEFA99E00198FC1 /* XCRemoteSwiftPackageReference "firebase-ios-sdk" */ = {
			isa = XCRemoteSwiftPackageReference;
			repositoryURL = "https://github.com/firebase/firebase-ios-sdk";
			requirement = {
				kind = upToNextMajorVersion;
				minimumVersion = 10.25.0;
			};
		};
/* End XCRemoteSwiftPackageReference section */

/* Begin XCSwiftPackageProductDependency section */
		9801FF5B2BEFA99E00198FC1 /* FirebaseAnalytics */ = {
			isa = XCSwiftPackageProductDependency;
			package = 9801FF5A2BEFA99E00198FC1 /* XCRemoteSwiftPackageReference "firebase-ios-sdk" */;
			productName = FirebaseAnalytics;
		};
		9801FF5D2BEFA99E00198FC1 /* FirebaseAnalyticsOnDeviceConversion */ = {
			isa = XCSwiftPackageProductDependency;
			package = 9801FF5A2BEFA99E00198FC1 /* XCRemoteSwiftPackageReference "firebase-ios-sdk" */;
			productName = FirebaseAnalyticsOnDeviceConversion;
		};
		9801FF5F2BEFA99E00198FC1 /* FirebaseAnalyticsSwift */ = {
			isa = XCSwiftPackageProductDependency;
			package = 9801FF5A2BEFA99E00198FC1 /* XCRemoteSwiftPackageReference "firebase-ios-sdk" */;
			productName = FirebaseAnalyticsSwift;
		};
		9801FF612BEFA99E00198FC1 /* FirebaseAnalyticsWithoutAdIdSupport */ = {
			isa = XCSwiftPackageProductDependency;
			package = 9801FF5A2BEFA99E00198FC1 /* XCRemoteSwiftPackageReference "firebase-ios-sdk" */;
			productName = FirebaseAnalyticsWithoutAdIdSupport;
		};
		9801FF632BEFA99E00198FC1 /* FirebaseAppCheck */ = {
			isa = XCSwiftPackageProductDependency;
			package = 9801FF5A2BEFA99E00198FC1 /* XCRemoteSwiftPackageReference "firebase-ios-sdk" */;
			productName = FirebaseAppCheck;
		};
/* End XCSwiftPackageProductDependency section */
	};
	rootObject = 9801FF3D2BEFA74000198FC1 /* Project object */;
}
